
Microsoft Visual Studio Solution File, Format Version 12.00
# Visual Studio Version 17
VisualStudioVersion = 17.2.32516.85
MinimumVisualStudioVersion = 10.0.40219.1
Project("{FAE04EC0-301F-11D3-BF4B-00C04F79EFBC}") = "TaxCalculatorV2", "TaxCalculatorV2\TaxCalculatorV2.csproj", "{960E502E-6DA3-4DB4-A55D-8843ED17AC24}"
EndProject
Project("{FAE04EC0-301F-11D3-BF4B-00C04F79EFBC}") = "TaxCalculatorV2Tests", "TaxCalculatorV2Tests\TaxCalculatorV2Tests.csproj", "{C5A897D7-7F73-4719-954C-A02BED485793}"
EndProject
Global
	GlobalSection(SolutionConfigurationPlatforms) = preSolution
		Debug|Any CPU = Debug|Any CPU
		Release|Any CPU = Release|Any CPU
	EndGlobalSection
	GlobalSection(ProjectConfigurationPlatforms) = postSolution
		{960E502E-6DA3-4DB4-A55D-8843ED17AC24}.Debug|Any CPU.ActiveCfg = Debug|Any CPU
		{960E502E-6DA3-4DB4-A55D-8843ED17AC24}.Debug|Any CPU.Build.0 = Debug|Any CPU
		{960E502E-6DA3-4DB4-A55D-8843ED17AC24}.Release|Any CPU.ActiveCfg = Release|Any CPU
		{960E502E-6DA3-4DB4-A55D-8843ED17AC24}.Release|Any CPU.Build.0 = Release|Any CPU
		{C5A897D7-7F73-4719-954C-A02BED485793}.Debug|Any CPU.ActiveCfg = Debug|Any CPU
		{C5A897D7-7F73-4719-954C-A02BED485793}.Debug|Any CPU.Build.0 = Debug|Any CPU
		{C5A897D7-7F73-4719-954C-A02BED485793}.Release|Any CPU.ActiveCfg = Release|Any CPU
		{C5A897D7-7F73-4719-954C-A02BED485793}.Release|Any CPU.Build.0 = Release|Any CPU
	EndGlobalSection
	GlobalSection(SolutionProperties) = preSolution
		HideSolutionNode = FALSE
	EndGlobalSection
	GlobalSection(ExtensibilityGlobals) = postSolution
		SolutionGuid = {350C4DAE-3A42-4DF3-A53A-BBCD91EBFB92}
	EndGlobalSection
EndGlobal
